
Microsoft Visual Studio Solution File, Format Version 12.00
# Visual Studio Version 17
VisualStudioVersion = 17.1.32210.238
MinimumVisualStudioVersion = 10.0.40219.1
Project("{FAE04EC0-301F-11D3-BF4B-00C04F79EFBC}") = "Generator_Password", "Generator_Password\Generator_Password.csproj", "{511A78B5-9E20-4530-9958-0608CC9E7D8B}"
EndProject
Global
	GlobalSection(SolutionConfigurationPlatforms) = preSolution
		Debug|Any CPU = Debug|Any CPU
		Release|Any CPU = Release|Any CPU
	EndGlobalSection
	GlobalSection(ProjectConfigurationPlatforms) = postSolution
		{511A78B5-9E20-4530-9958-0608CC9E7D8B}.Debug|Any CPU.ActiveCfg = Debug|Any CPU
		{511A78B5-9E20-4530-9958-0608CC9E7D8B}.Debug|Any CPU.Build.0 = Debug|Any CPU
		{511A78B5-9E20-4530-9958-0608CC9E7D8B}.Release|Any CPU.ActiveCfg = Release|Any CPU
		{511A78B5-9E20-4530-9958-0608CC9E7D8B}.Release|Any CPU.Build.0 = Release|Any CPU
	EndGlobalSection
	GlobalSection(SolutionProperties) = preSolution
		HideSolutionNode = FALSE
	EndGlobalSection
	GlobalSection(ExtensibilityGlobals) = postSolution
		SolutionGuid = {8494187D-C681-4910-9C2A-394DC69F2F8D}
	EndGlobalSection
EndGlobal
